
Microsoft Visual Studio Solution File, Format Version 12.00
# Visual Studio Version 18
VisualStudioVersion = 18.0.11201.2 d18.0
MinimumVisualStudioVersion = 10.0.40219.1
Project("{9A19103F-16F7-4668-BE54-9A1E7A4F7556}") = "b3dm.tileset", "b3dm.tileset\b3dm.tileset.csproj", "{9AF6891B-30D6-4537-BB8C-AD36590A4AB2}"
EndProject
Project("{9A19103F-16F7-4668-BE54-9A1E7A4F7556}") = "b3dm.tileset.tests", "b3dm.tileset.tests\b3dm.tileset.tests.csproj", "{5D37E08F-D181-4E1F-80BA-87FEAE237EC3}"
EndProject
Project("{9A19103F-16F7-4668-BE54-9A1E7A4F7556}") = "wkb2gltf", "wkb2gltf.core\wkb2gltf.csproj", "{92BA7C48-8837-4C70-A994-0A5F6D788B63}"
EndProject
Project("{9A19103F-16F7-4668-BE54-9A1E7A4F7556}") = "wkb2gltf.tests", "wkb2gltf.core.tests\wkb2gltf.tests.csproj", "{17025EDA-294C-4EB8-8BAB-EAB56EDFA340}"
EndProject
Project("{2150E333-8FDC-42A3-9474-1A3956D46DE8}") = "docker", "docker", "{E84F14D6-F733-4B7E-B3DC-1B0447F60BBE}"
	ProjectSection(SolutionItems) = preProject
		Dockerfile = Dockerfile
	EndProjectSection
EndProject
Project("{2150E333-8FDC-42A3-9474-1A3956D46DE8}") = "doc", "doc", "{0403ED2E-B5AA-4160-8E10-84ED0D671778}"
	ProjectSection(SolutionItems) = preProject
		..\cesium_notes.md = ..\cesium_notes.md
		..\dataprocessing\dataprocessing_citygml.md = ..\dataprocessing\dataprocessing_citygml.md
		..\..\..\..\..\Users\bertt\Desktop\delaware.png = ..\..\..\..\..\Users\bertt\Desktop\delaware.png
		..\..\..\..\..\Users\bert\Desktop\demo_pg2b3dm.gif = ..\..\..\..\..\Users\bert\Desktop\demo_pg2b3dm.gif
		..\getting_started.md = ..\getting_started.md
		..\README.md = ..\README.md
		release_notes_0.10.md = release_notes_0.10.md
		release_notes_0.11.md = release_notes_0.11.md
		release_notes_0.9.md = release_notes_0.9.md
		..\styling.md = ..\styling.md
	EndProjectSection
EndProject
Project("{9A19103F-16F7-4668-BE54-9A1E7A4F7556}") = "pg2b3dm", "pg2b3dm\pg2b3dm.csproj", "{4907EB97-E29A-4BA1-BC0C-BEBD2E3419AB}"
EndProject
Project("{9A19103F-16F7-4668-BE54-9A1E7A4F7556}") = "pg2b3dm.database.tests", "pg2b3dm.database.tests\pg2b3dm.database.tests.csproj", "{97942C44-A7E0-43D5-A241-5BFA633B2B42}"
EndProject
Global
	GlobalSection(SolutionConfigurationPlatforms) = preSolution
		Debug|Any CPU = Debug|Any CPU
		Release|Any CPU = Release|Any CPU
	EndGlobalSection
	GlobalSection(ProjectConfigurationPlatforms) = postSolution
		{9AF6891B-30D6-4537-BB8C-AD36590A4AB2}.Debug|Any CPU.ActiveCfg = Debug|Any CPU
		{9AF6891B-30D6-4537-BB8C-AD36590A4AB2}.Debug|Any CPU.Build.0 = Debug|Any CPU
		{9AF6891B-30D6-4537-BB8C-AD36590A4AB2}.Release|Any CPU.ActiveCfg = Release|Any CPU
		{9AF6891B-30D6-4537-BB8C-AD36590A4AB2}.Release|Any CPU.Build.0 = Release|Any CPU
		{5D37E08F-D181-4E1F-80BA-87FEAE237EC3}.Debug|Any CPU.ActiveCfg = Debug|Any CPU
		{5D37E08F-D181-4E1F-80BA-87FEAE237EC3}.Debug|Any CPU.Build.0 = Debug|Any CPU
		{5D37E08F-D181-4E1F-80BA-87FEAE237EC3}.Release|Any CPU.ActiveCfg = Release|Any CPU
		{5D37E08F-D181-4E1F-80BA-87FEAE237EC3}.Release|Any CPU.Build.0 = Release|Any CPU
		{92BA7C48-8837-4C70-A994-0A5F6D788B63}.Debug|Any CPU.ActiveCfg = Debug|Any CPU
		{92BA7C48-8837-4C70-A994-0A5F6D788B63}.Debug|Any CPU.Build.0 = Debug|Any CPU
		{92BA7C48-8837-4C70-A994-0A5F6D788B63}.Release|Any CPU.ActiveCfg = Release|Any CPU
		{92BA7C48-8837-4C70-A994-0A5F6D788B63}.Release|Any CPU.Build.0 = Release|Any CPU
		{17025EDA-294C-4EB8-8BAB-EAB56EDFA340}.Debug|Any CPU.ActiveCfg = Debug|Any CPU
		{17025EDA-294C-4EB8-8BAB-EAB56EDFA340}.Debug|Any CPU.Build.0 = Debug|Any CPU
		{17025EDA-294C-4EB8-8BAB-EAB56EDFA340}.Release|Any CPU.ActiveCfg = Release|Any CPU
		{17025EDA-294C-4EB8-8BAB-EAB56EDFA340}.Release|Any CPU.Build.0 = Release|Any CPU
		{4907EB97-E29A-4BA1-BC0C-BEBD2E3419AB}.Debug|Any CPU.ActiveCfg = Debug|Any CPU
		{4907EB97-E29A-4BA1-BC0C-BEBD2E3419AB}.Debug|Any CPU.Build.0 = Debug|Any CPU
		{4907EB97-E29A-4BA1-BC0C-BEBD2E3419AB}.Release|Any CPU.ActiveCfg = Release|Any CPU
		{4907EB97-E29A-4BA1-BC0C-BEBD2E3419AB}.Release|Any CPU.Build.0 = Release|Any CPU
		{97942C44-A7E0-43D5-A241-5BFA633B2B42}.Debug|Any CPU.ActiveCfg = Debug|Any CPU
		{97942C44-A7E0-43D5-A241-5BFA633B2B42}.Debug|Any CPU.Build.0 = Debug|Any CPU
		{97942C44-A7E0-43D5-A241-5BFA633B2B42}.Release|Any CPU.ActiveCfg = Release|Any CPU
		{97942C44-A7E0-43D5-A241-5BFA633B2B42}.Release|Any CPU.Build.0 = Release|Any CPU
	EndGlobalSection
	GlobalSection(SolutionProperties) = preSolution
		HideSolutionNode = FALSE
	EndGlobalSection
	GlobalSection(ExtensibilityGlobals) = postSolution
		SolutionGuid = {13FCB1D2-EFEE-459C-94A9-7ED91CBC4A6F}
	EndGlobalSection
EndGlobal
